// !$*UTF8*$!
{
	archiveVersion = 1;
	classes = {
	};
	objectVersion = 50;
	objects = {

/* Begin PBXBuildFile section */
		32C84EC323F59D4100E3326D /* Main.storyboard in Resources */ = {isa = PBXBuildFile; fileRef = 32C84EC123F59D4100E3326D /* Main.storyboard */; };
		32C84EC523F59D4300E3326D /* Assets.xcassets in Resources */ = {isa = PBXBuildFile; fileRef = 32C84EC423F59D4300E3326D /* Assets.xcassets */; };
		32C84EC823F59D4300E3326D /* LaunchScreen.storyboard in Resources */ = {isa = PBXBuildFile; fileRef = 32C84EC623F59D4300E3326D /* LaunchScreen.storyboard */; };
		32C84ECB23F59D4400E3326D /* main.m in Sources */ = {isa = PBXBuildFile; fileRef = 32C84ECA23F59D4400E3326D /* main.m */; };
		32C84ED223F59F5400E3326D /* Default-568h@2x.png in Resources */ = {isa = PBXBuildFile; fileRef = 32C84ED123F59F5400E3326D /* Default-568h@2x.png */; };
		32C84EDC23F59FA900E3326D /* AppDelegate.mm in Sources */ = {isa = PBXBuildFile; fileRef = 32C84ED623F59FA800E3326D /* AppDelegate.mm */; };
		32C84EDD23F59FA900E3326D /* ViewController.mm in Sources */ = {isa = PBXBuildFile; fileRef = 32C84ED823F59FA900E3326D /* ViewController.mm */; };
		32C84EE123F5A0BC00E3326D /* GLESView.mm in Sources */ = {isa = PBXBuildFile; fileRef = 32C84EDF23F5A0BC00E3326D /* GLESView.mm */; };
/* End PBXBuildFile section */

/* Begin PBXFileReference section */
		32C84EB823F59D4100E3326D /* 24-ThreeLightsRotatingOnSphere.app */ = {isa = PBXFileReference; explicitFileType = wrapper.application; includeInIndex = 0; path = "24-ThreeLightsRotatingOnSphere.app"; sourceTree = BUILT_PRODUCTS_DIR; };
		32C84EC223F59D4100E3326D /* Base */ = {isa = PBXFileReference; lastKnownFileType = file.storyboard; name = Base; path = Base.lproj/Main.storyboard; sourceTree = "<group>"; };
		32C84EC423F59D4300E3326D /* Assets.xcassets */ = {isa = PBXFileReference; lastKnownFileType = folder.assetcatalog; path = Assets.xcassets; sourceTree = "<group>"; };
		32C84EC723F59D4300E3326D /* Base */ = {isa = PBXFileReference; lastKnownFileType = file.storyboard; name = Base; path = Base.lproj/LaunchScreen.storyboard; sourceTree = "<group>"; };
		32C84EC923F59D4300E3326D /* Info.plist */ = {isa = PBXFileReference; lastKnownFileType = text.plist.xml; path = Info.plist; sourceTree = "<group>"; };
		32C84ECA23F59D4400E3326D /* main.m */ = {isa = PBXFileReference; lastKnownFileType = sourcecode.c.objc; path = main.m; sourceTree = "<group>"; };
		32C84ED123F59F5400E3326D /* Default-568h@2x.png */ = {isa = PBXFileReference; lastKnownFileType = image.png; path = "Default-568h@2x.png"; sourceTree = "<group>"; };
		32C84ED323F59FA800E3326D /* AppDelegate.h */ = {isa = PBXFileReference; fileEncoding = 4; lastKnownFileType = sourcecode.c.h; path = AppDelegate.h; sourceTree = "<group>"; };
		32C84ED523F59FA800E3326D /* ViewController.h */ = {isa = PBXFileReference; fileEncoding = 4; lastKnownFileType = sourcecode.c.h; path = ViewController.h; sourceTree = "<group>"; };
		32C84ED623F59FA800E3326D /* AppDelegate.mm */ = {isa = PBXFileReference; fileEncoding = 4; lastKnownFileType = sourcecode.cpp.objcpp; path = AppDelegate.mm; sourceTree = "<group>"; };
		32C84ED823F59FA900E3326D /* ViewController.mm */ = {isa = PBXFileReference; fileEncoding = 4; lastKnownFileType = sourcecode.cpp.objcpp; path = ViewController.mm; sourceTree = "<group>"; };
		32C84ED923F59FA900E3326D /* sphere.h */ = {isa = PBXFileReference; fileEncoding = 4; lastKnownFileType = sourcecode.c.h; path = sphere.h; sourceTree = "<group>"; };
		32C84EDA23F59FA900E3326D /* vmath.h */ = {isa = PBXFileReference; fileEncoding = 4; lastKnownFileType = sourcecode.c.h; path = vmath.h; sourceTree = "<group>"; };
		32C84EDF23F5A0BC00E3326D /* GLESView.mm */ = {isa = PBXFileReference; fileEncoding = 4; lastKnownFileType = sourcecode.cpp.objcpp; path = GLESView.mm; sourceTree = "<group>"; };
		32C84EE023F5A0BC00E3326D /* GLESView.h */ = {isa = PBXFileReference; fileEncoding = 4; lastKnownFileType = sourcecode.c.h; path = GLESView.h; sourceTree = "<group>"; };
/* End PBXFileReference section */

/* Begin PBXFrameworksBuildPhase section */
		32C84EB523F59D4100E3326D /* Frameworks */ = {
			isa = PBXFrameworksBuildPhase;
			buildActionMask = 2147483647;
			files = (
			);
			runOnlyForDeploymentPostprocessing = 0;
		};
/* End PBXFrameworksBuildPhase section */

/* Begin PBXGroup section */
		32C84EAF23F59D4100E3326D = {
			isa = PBXGroup;
			children = (
				32C84EBA23F59D4100E3326D /* 24-ThreeLightsRotatingOnSphere */,
				32C84EB923F59D4100E3326D /* Products */,
			);
			sourceTree = "<group>";
		};
		32C84EB923F59D4100E3326D /* Products */ = {
			isa = PBXGroup;
			children = (
				32C84EB823F59D4100E3326D /* 24-ThreeLightsRotatingOnSphere.app */,
			);
			name = Products;
			sourceTree = "<group>";
		};
		32C84EBA23F59D4100E3326D /* 24-ThreeLightsRotatingOnSphere */ = {
			isa = PBXGroup;
			children = (
				32C84EDE23F59FAF00E3326D /* Resources */,
				32C84ED323F59FA800E3326D /* AppDelegate.h */,
				32C84ED623F59FA800E3326D /* AppDelegate.mm */,
				32C84EE023F5A0BC00E3326D /* GLESView.h */,
				32C84EDF23F5A0BC00E3326D /* GLESView.mm */,
				32C84ED923F59FA900E3326D /* sphere.h */,
				32C84ED523F59FA800E3326D /* ViewController.h */,
				32C84ED823F59FA900E3326D /* ViewController.mm */,
				32C84EDA23F59FA900E3326D /* vmath.h */,
				32C84EC123F59D4100E3326D /* Main.storyboard */,
				32C84EC423F59D4300E3326D /* Assets.xcassets */,
				32C84EC623F59D4300E3326D /* LaunchScreen.storyboard */,
				32C84EC923F59D4300E3326D /* Info.plist */,
				32C84ECA23F59D4400E3326D /* main.m */,
			);
			path = "24-ThreeLightsRotatingOnSphere";
			sourceTree = "<group>";
		};
		32C84EDE23F59FAF00E3326D /* Resources */ = {
			isa = PBXGroup;
			children = (
				32C84ED123F59F5400E3326D /* Default-568h@2x.png */,
			);
			path = Resources;
			sourceTree = "<group>";
		};
/* End PBXGroup section */

/* Begin PBXNativeTarget section */
		32C84EB723F59D4100E3326D /* 24-ThreeLightsRotatingOnSphere */ = {
			isa = PBXNativeTarget;
			buildConfigurationList = 32C84ECE23F59D4400E3326D /* Build configuration list for PBXNativeTarget "24-ThreeLightsRotatingOnSphere" */;
			buildPhases = (
				32C84EB423F59D4100E3326D /* Sources */,
				32C84EB523F59D4100E3326D /* Frameworks */,
				32C84EB623F59D4100E3326D /* Resources */,
			);
			buildRules = (
			);
			dependencies = (
			);
			name = "24-ThreeLightsRotatingOnSphere";
			productName = "24-ThreeLightsRotatingOnSphere";
			productReference = 32C84EB823F59D4100E3326D /* 24-ThreeLightsRotatingOnSphere.app */;
			productType = "com.apple.product-type.application";
		};
/* End PBXNativeTarget section */

/* Begin PBXProject section */
		32C84EB023F59D4100E3326D /* Project object */ = {
			isa = PBXProject;
			attributes = {
				LastUpgradeCheck = 0930;
				TargetAttributes = {
					32C84EB723F59D4100E3326D = {
						CreatedOnToolsVersion = 9.3.1;
					};
				};
			};
			buildConfigurationList = 32C84EB323F59D4100E3326D /* Build configuration list for PBXProject "24-ThreeLightsRotatingOnSphere" */;
			compatibilityVersion = "Xcode 9.3";
			developmentRegion = en;
			hasScannedForEncodings = 0;
			knownRegions = (
				en,
				Base,
			);
			mainGroup = 32C84EAF23F59D4100E3326D;
			productRefGroup = 32C84EB923F59D4100E3326D /* Products */;
			projectDirPath = "";
			projectRoot = "";
			targets = (
				32C84EB723F59D4100E3326D /* 24-ThreeLightsRotatingOnSphere */,
			);
		};
/* End PBXProject section */

/* Begin PBXResourcesBuildPhase section */
		32C84EB623F59D4100E3326D /* Resources */ = {
			isa = PBXResourcesBuildPhase;
			buildActionMask = 2147483647;
			files = (
				32C84EC823F59D4300E3326D /* LaunchScreen.storyboard in Resources */,
				32C84ED223F59F5400E3326D /* Default-568h@2x.png in Resources */,
				32C84EC523F59D4300E3326D /* Assets.xcassets in Resources */,
				32C84EC323F59D4100E3326D /* Main.storyboard in Resources */,
			);
			runOnlyForDeploymentPostprocessing = 0;
		};
/* End PBXResourcesBuildPhase section */

/* Begin PBXSourcesBuildPhase section */
		32C84EB423F59D4100E3326D /* Sources */ = {
			isa = PBXSourcesBuildPhase;
			buildActionMask = 2147483647;
			files = (
				32C84EDD23F59FA900E3326D /* ViewController.mm in Sources */,
				32C84EE123F5A0BC00E3326D /* GLESView.mm in Sources */,
				32C84ECB23F59D4400E3326D /* main.m in Sources */,
				32C84EDC23F59FA900E3326D /* AppDelegate.mm in Sources */,
			);
			runOnlyForDeploymentPostprocessing = 0;
		};
/* End PBXSourcesBuildPhase section */

/* Begin PBXVariantGroup section */
		32C84EC123F59D4100E3326D /* Main.storyboard */ = {
			isa = PBXVariantGroup;
			children = (
				32C84EC223F59D4100E3326D /* Base */,
			);
			name = Main.storyboard;
			sourceTree = "<group>";
		};
		32C84EC623F59D4300E3326D /* LaunchScreen.storyboard */ = {
			isa = PBXVariantGroup;
			children = (
				32C84EC723F59D4300E3326D /* Base */,
			);
			name = LaunchScreen.storyboard;
			sourceTree = "<group>";
		};
/* End PBXVariantGroup section */

/* Begin XCBuildConfiguration section */
		32C84ECC23F59D4400E3326D /* Debug */ = {
			isa = XCBuildConfiguration;
			buildSettings = {
				ALWAYS_SEARCH_USER_PATHS = NO;
				CLANG_ANALYZER_NONNULL = YES;
				CLANG_ANALYZER_NUMBER_OBJECT_CONVERSION = YES_AGGRESSIVE;
				CLANG_CXX_LANGUAGE_STANDARD = "gnu++14";
				CLANG_CXX_LIBRARY = "libc++";
				CLANG_ENABLE_MODULES = YES;
				CLANG_ENABLE_OBJC_ARC = YES;
				CLANG_ENABLE_OBJC_WEAK = YES;
				CLANG_WARN_BLOCK_CAPTURE_AUTORELEASING = YES;
				CLANG_WARN_BOOL_CONVERSION = YES;
				CLANG_WARN_COMMA = YES;
				CLANG_WARN_CONSTANT_CONVERSION = YES;
				CLANG_WARN_DEPRECATED_OBJC_IMPLEMENTATIONS = YES;
				CLANG_WARN_DIRECT_OBJC_ISA_USAGE = YES_ERROR;
				CLANG_WARN_DOCUMENTATION_COMMENTS = YES;
				CLANG_WARN_EMPTY_BODY = YES;
				CLANG_WARN_ENUM_CONVERSION = YES;
				CLANG_WARN_INFINITE_RECURSION = YES;
				CLANG_WARN_INT_CONVERSION = YES;
				CLANG_WARN_NON_LITERAL_NULL_CONVERSION = YES;
				CLANG_WARN_OBJC_IMPLICIT_RETAIN_SELF = YES;
				CLANG_WARN_OBJC_LITERAL_CONVERSION = YES;
				CLANG_WARN_OBJC_ROOT_CLASS = YES_ERROR;
				CLANG_WARN_RANGE_LOOP_ANALYSIS = YES;
				CLANG_WARN_STRICT_PROTOTYPES = YES;
				CLANG_WARN_SUSPICIOUS_MOVE = YES;
				CLANG_WARN_UNGUARDED_AVAILABILITY = YES_AGGRESSIVE;
				CLANG_WARN_UNREACHABLE_CODE = YES;
				CLANG_WARN__DUPLICATE_METHOD_MATCH = YES;
				CODE_SIGN_IDENTITY = "iPhone Developer";
				COPY_PHASE_STRIP = NO;
				DEBUG_INFORMATION_FORMAT = dwarf;
				ENABLE_STRICT_OBJC_MSGSEND = YES;
				ENABLE_TESTABILITY = YES;
				GCC_C_LANGUAGE_STANDARD = gnu11;
				GCC_DYNAMIC_NO_PIC = NO;
				GCC_NO_COMMON_BLOCKS = YES;
				GCC_OPTIMIZATION_LEVEL = 0;
				GCC_PREPROCESSOR_DEFINITIONS = (
					"DEBUG=1",
					"$(inherited)",
				);
				GCC_WARN_64_TO_32_BIT_CONVERSION = YES;
				GCC_WARN_ABOUT_RETURN_TYPE = YES_ERROR;
				GCC_WARN_UNDECLARED_SELECTOR = YES;
				GCC_WARN_UNINITIALIZED_AUTOS = YES_AGGRESSIVE;
				GCC_WARN_UNUSED_FUNCTION = YES;
				GCC_WARN_UNUSED_VARIABLE = YES;
				IPHONEOS_DEPLOYMENT_TARGET = 11.3;
				MTL_ENABLE_DEBUG_INFO = YES;
				ONLY_ACTIVE_ARCH = YES;
				SDKROOT = iphoneos;
			};
			name = Debug;
		};
		32C84ECD23F59D4400E3326D /* Release */ = {
			isa = XCBuildConfiguration;
			buildSettings = {
				ALWAYS_SEARCH_USER_PATHS = NO;
				CLANG_ANALYZER_NONNULL = YES;
				CLANG_ANALYZER_NUMBER_OBJECT_CONVERSION = YES_AGGRESSIVE;
				CLANG_CXX_LANGUAGE_STANDARD = "gnu++14";
				CLANG_CXX_LIBRARY = "libc++";
				CLANG_ENABLE_MODULES = YES;
				CLANG_ENABLE_OBJC_ARC = YES;
				CLANG_ENABLE_OBJC_WEAK = YES;
				CLANG_WARN_BLOCK_CAPTURE_AUTORELEASING = YES;
				CLANG_WARN_BOOL_CONVERSION = YES;
				CLANG_WARN_COMMA = YES;
				CLANG_WARN_CONSTANT_CONVERSION = YES;
				CLANG_WARN_DEPRECATED_OBJC_IMPLEMENTATIONS = YES;
				CLANG_WARN_DIRECT_OBJC_ISA_USAGE = YES_ERROR;
				CLANG_WARN_DOCUMENTATION_COMMENTS = YES;
				CLANG_WARN_EMPTY_BODY = YES;
				CLANG_WARN_ENUM_CONVERSION = YES;
				CLANG_WARN_INFINITE_RECURSION = YES;
				CLANG_WARN_INT_CONVERSION = YES;
				CLANG_WARN_NON_LITERAL_NULL_CONVERSION = YES;
				CLANG_WARN_OBJC_IMPLICIT_RETAIN_SELF = YES;
				CLANG_WARN_OBJC_LITERAL_CONVERSION = YES;
				CLANG_WARN_OBJC_ROOT_CLASS = YES_ERROR;
				CLANG_WARN_RANGE_LOOP_ANALYSIS = YES;
				CLANG_WARN_STRICT_PROTOTYPES = YES;
				CLANG_WARN_SUSPICIOUS_MOVE = YES;
				CLANG_WARN_UNGUARDED_AVAILABILITY = YES_AGGRESSIVE;
				CLANG_WARN_UNREACHABLE_CODE = YES;
				CLANG_WARN__DUPLICATE_METHOD_MATCH = YES;
				CODE_SIGN_IDENTITY = "iPhone Developer";
				COPY_PHASE_STRIP = NO;
				DEBUG_INFORMATION_FORMAT = "dwarf-with-dsym";
				ENABLE_NS_ASSERTIONS = NO;
				ENABLE_STRICT_OBJC_MSGSEND = YES;
				GCC_C_LANGUAGE_STANDARD = gnu11;
				GCC_NO_COMMON_BLOCKS = YES;
				GCC_WARN_64_TO_32_BIT_CONVERSION = YES;
				GCC_WARN_ABOUT_RETURN_TYPE = YES_ERROR;
				GCC_WARN_UNDECLARED_SELECTOR = YES;
				GCC_WARN_UNINITIALIZED_AUTOS = YES_AGGRESSIVE;
				GCC_WARN_UNUSED_FUNCTION = YES;
				GCC_WARN_UNUSED_VARIABLE = YES;
				IPHONEOS_DEPLOYMENT_TARGET = 11.3;
				MTL_ENABLE_DEBUG_INFO = NO;
				SDKROOT = iphoneos;
				VALIDATE_PRODUCT = YES;
			};
			name = Release;
		};
		32C84ECF23F59D4400E3326D /* Debug */ = {
			isa = XCBuildConfiguration;
			buildSettings = {
				ASSETCATALOG_COMPILER_APPICON_NAME = AppIcon;
				CLANG_ENABLE_OBJC_ARC = NO;
				CODE_SIGN_STYLE = Manual;
				DEVELOPMENT_TEAM = "";
				INFOPLIST_FILE = "24-ThreeLightsRotatingOnSphere/Info.plist";
				LD_RUNPATH_SEARCH_PATHS = (
					"$(inherited)",
					"@executable_path/Frameworks",
				);
				PRODUCT_BUNDLE_IDENTIFIER = "APAD.org.-4-ThreeLightsRotatingOnSphere";
				PRODUCT_NAME = "$(TARGET_NAME)";
				PROVISIONING_PROFILE_SPECIFIER = "";
				TARGETED_DEVICE_FAMILY = 1;
			};
			name = Debug;
		};
		32C84ED023F59D4400E3326D /* Release */ = {
			isa = XCBuildConfiguration;
			buildSettings = {
				ASSETCATALOG_COMPILER_APPICON_NAME = AppIcon;
				CLANG_ENABLE_OBJC_ARC = NO;
				CODE_SIGN_STYLE = Manual;
				DEVELOPMENT_TEAM = "";
				INFOPLIST_FILE = "24-ThreeLightsRotatingOnSphere/Info.plist";
				LD_RUNPATH_SEARCH_PATHS = (
					"$(inherited)",
					"@executable_path/Frameworks",
				);
				PRODUCT_BUNDLE_IDENTIFIER = "APAD.org.-4-ThreeLightsRotatingOnSphere";
				PRODUCT_NAME = "$(TARGET_NAME)";
				PROVISIONING_PROFILE_SPECIFIER = "";
				TARGETED_DEVICE_FAMILY = 1;
			};
			name = Release;
		};
/* End XCBuildConfiguration section */

/* Begin XCConfigurationList section */
		32C84EB323F59D4100E3326D /* Build configuration list for PBXProject "24-ThreeLightsRotatingOnSphere" */ = {
			isa = XCConfigurationList;
			buildConfigurations = (
				32C84ECC23F59D4400E3326D /* Debug */,
				32C84ECD23F59D4400E3326D /* Release */,
			);
			defaultConfigurationIsVisible = 0;
			defaultConfigurationName = Release;
		};
		32C84ECE23F59D4400E3326D /* Build configuration list for PBXNativeTarget "24-ThreeLightsRotatingOnSphere" */ = {
			isa = XCConfigurationList;
			buildConfigurations = (
				32C84ECF23F59D4400E3326D /* Debug */,
				32C84ED023F59D4400E3326D /* Release */,
			);
			defaultConfigurationIsVisible = 0;
			defaultConfigurationName = Release;
		};
/* End XCConfigurationList section */
	};
	rootObject = 32C84EB023F59D4100E3326D /* Project object */;
}
