// !$*UTF8*$!
{
	archiveVersion = 1;
	classes = {
	};
	objectVersion = 50;
	objects = {

/* Begin PBXBuildFile section */
		322005602434804800E2288A /* Main.storyboard in Resources */ = {isa = PBXBuildFile; fileRef = 3220055E2434804800E2288A /* Main.storyboard */; };
		322005622434804A00E2288A /* Assets.xcassets in Resources */ = {isa = PBXBuildFile; fileRef = 322005612434804A00E2288A /* Assets.xcassets */; };
		322005652434804A00E2288A /* LaunchScreen.storyboard in Resources */ = {isa = PBXBuildFile; fileRef = 322005632434804A00E2288A /* LaunchScreen.storyboard */; };
		322005682434804A00E2288A /* main.m in Sources */ = {isa = PBXBuildFile; fileRef = 322005672434804A00E2288A /* main.m */; };
		3220056F2434806A00E2288A /* Default-568h@2x.png in Resources */ = {isa = PBXBuildFile; fileRef = 3220056E2434806A00E2288A /* Default-568h@2x.png */; };
		322005782434825200E2288A /* GLESView.mm in Sources */ = {isa = PBXBuildFile; fileRef = 322005722434825200E2288A /* GLESView.mm */; };
		322005792434825200E2288A /* AppDelegate.mm in Sources */ = {isa = PBXBuildFile; fileRef = 322005752434825200E2288A /* AppDelegate.mm */; };
		3220057A2434825200E2288A /* ViewController.mm in Sources */ = {isa = PBXBuildFile; fileRef = 322005772434825200E2288A /* ViewController.mm */; };
/* End PBXBuildFile section */

/* Begin PBXFileReference section */
		322005552434804800E2288A /* 28-Meshes.app */ = {isa = PBXFileReference; explicitFileType = wrapper.application; includeInIndex = 0; path = "28-Meshes.app"; sourceTree = BUILT_PRODUCTS_DIR; };
		3220055F2434804800E2288A /* Base */ = {isa = PBXFileReference; lastKnownFileType = file.storyboard; name = Base; path = Base.lproj/Main.storyboard; sourceTree = "<group>"; };
		322005612434804A00E2288A /* Assets.xcassets */ = {isa = PBXFileReference; lastKnownFileType = folder.assetcatalog; path = Assets.xcassets; sourceTree = "<group>"; };
		322005642434804A00E2288A /* Base */ = {isa = PBXFileReference; lastKnownFileType = file.storyboard; name = Base; path = Base.lproj/LaunchScreen.storyboard; sourceTree = "<group>"; };
		322005662434804A00E2288A /* Info.plist */ = {isa = PBXFileReference; lastKnownFileType = text.plist.xml; path = Info.plist; sourceTree = "<group>"; };
		322005672434804A00E2288A /* main.m */ = {isa = PBXFileReference; lastKnownFileType = sourcecode.c.objc; path = main.m; sourceTree = "<group>"; };
		3220056E2434806A00E2288A /* Default-568h@2x.png */ = {isa = PBXFileReference; lastKnownFileType = image.png; path = "Default-568h@2x.png"; sourceTree = "<group>"; };
		322005712434825200E2288A /* vmath.h */ = {isa = PBXFileReference; fileEncoding = 4; lastKnownFileType = sourcecode.c.h; path = vmath.h; sourceTree = "<group>"; };
		322005722434825200E2288A /* GLESView.mm */ = {isa = PBXFileReference; fileEncoding = 4; lastKnownFileType = sourcecode.cpp.objcpp; path = GLESView.mm; sourceTree = "<group>"; };
		322005732434825200E2288A /* AppDelegate.h */ = {isa = PBXFileReference; fileEncoding = 4; lastKnownFileType = sourcecode.c.h; path = AppDelegate.h; sourceTree = "<group>"; };
		322005742434825200E2288A /* ViewController.h */ = {isa = PBXFileReference; fileEncoding = 4; lastKnownFileType = sourcecode.c.h; path = ViewController.h; sourceTree = "<group>"; };
		322005752434825200E2288A /* AppDelegate.mm */ = {isa = PBXFileReference; fileEncoding = 4; lastKnownFileType = sourcecode.cpp.objcpp; path = AppDelegate.mm; sourceTree = "<group>"; };
		322005762434825200E2288A /* GLESView.h */ = {isa = PBXFileReference; fileEncoding = 4; lastKnownFileType = sourcecode.c.h; path = GLESView.h; sourceTree = "<group>"; };
		322005772434825200E2288A /* ViewController.mm */ = {isa = PBXFileReference; fileEncoding = 4; lastKnownFileType = sourcecode.cpp.objcpp; path = ViewController.mm; sourceTree = "<group>"; };
/* End PBXFileReference section */

/* Begin PBXFrameworksBuildPhase section */
		322005522434804800E2288A /* Frameworks */ = {
			isa = PBXFrameworksBuildPhase;
			buildActionMask = 2147483647;
			files = (
			);
			runOnlyForDeploymentPostprocessing = 0;
		};
/* End PBXFrameworksBuildPhase section */

/* Begin PBXGroup section */
		3220054C2434804800E2288A = {
			isa = PBXGroup;
			children = (
				322005572434804800E2288A /* 28-Meshes */,
				322005562434804800E2288A /* Products */,
			);
			sourceTree = "<group>";
		};
		322005562434804800E2288A /* Products */ = {
			isa = PBXGroup;
			children = (
				322005552434804800E2288A /* 28-Meshes.app */,
			);
			name = Products;
			sourceTree = "<group>";
		};
		322005572434804800E2288A /* 28-Meshes */ = {
			isa = PBXGroup;
			children = (
				322005702434807D00E2288A /* Resources */,
				322005732434825200E2288A /* AppDelegate.h */,
				322005752434825200E2288A /* AppDelegate.mm */,
				322005762434825200E2288A /* GLESView.h */,
				322005722434825200E2288A /* GLESView.mm */,
				322005742434825200E2288A /* ViewController.h */,
				322005772434825200E2288A /* ViewController.mm */,
				322005712434825200E2288A /* vmath.h */,
				3220055E2434804800E2288A /* Main.storyboard */,
				322005612434804A00E2288A /* Assets.xcassets */,
				322005632434804A00E2288A /* LaunchScreen.storyboard */,
				322005662434804A00E2288A /* Info.plist */,
				322005672434804A00E2288A /* main.m */,
			);
			path = "28-Meshes";
			sourceTree = "<group>";
		};
		322005702434807D00E2288A /* Resources */ = {
			isa = PBXGroup;
			children = (
				3220056E2434806A00E2288A /* Default-568h@2x.png */,
			);
			path = Resources;
			sourceTree = "<group>";
		};
/* End PBXGroup section */

/* Begin PBXNativeTarget section */
		322005542434804800E2288A /* 28-Meshes */ = {
			isa = PBXNativeTarget;
			buildConfigurationList = 3220056B2434804A00E2288A /* Build configuration list for PBXNativeTarget "28-Meshes" */;
			buildPhases = (
				322005512434804800E2288A /* Sources */,
				322005522434804800E2288A /* Frameworks */,
				322005532434804800E2288A /* Resources */,
			);
			buildRules = (
			);
			dependencies = (
			);
			name = "28-Meshes";
			productName = "28-Meshes";
			productReference = 322005552434804800E2288A /* 28-Meshes.app */;
			productType = "com.apple.product-type.application";
		};
/* End PBXNativeTarget section */

/* Begin PBXProject section */
		3220054D2434804800E2288A /* Project object */ = {
			isa = PBXProject;
			attributes = {
				LastUpgradeCheck = 0930;
				TargetAttributes = {
					322005542434804800E2288A = {
						CreatedOnToolsVersion = 9.3.1;
					};
				};
			};
			buildConfigurationList = 322005502434804800E2288A /* Build configuration list for PBXProject "28-Meshes" */;
			compatibilityVersion = "Xcode 9.3";
			developmentRegion = en;
			hasScannedForEncodings = 0;
			knownRegions = (
				en,
				Base,
			);
			mainGroup = 3220054C2434804800E2288A;
			productRefGroup = 322005562434804800E2288A /* Products */;
			projectDirPath = "";
			projectRoot = "";
			targets = (
				322005542434804800E2288A /* 28-Meshes */,
			);
		};
/* End PBXProject section */

/* Begin PBXResourcesBuildPhase section */
		322005532434804800E2288A /* Resources */ = {
			isa = PBXResourcesBuildPhase;
			buildActionMask = 2147483647;
			files = (
				322005652434804A00E2288A /* LaunchScreen.storyboard in Resources */,
				3220056F2434806A00E2288A /* Default-568h@2x.png in Resources */,
				322005622434804A00E2288A /* Assets.xcassets in Resources */,
				322005602434804800E2288A /* Main.storyboard in Resources */,
			);
			runOnlyForDeploymentPostprocessing = 0;
		};
/* End PBXResourcesBuildPhase section */

/* Begin PBXSourcesBuildPhase section */
		322005512434804800E2288A /* Sources */ = {
			isa = PBXSourcesBuildPhase;
			buildActionMask = 2147483647;
			files = (
				3220057A2434825200E2288A /* ViewController.mm in Sources */,
				322005682434804A00E2288A /* main.m in Sources */,
				322005792434825200E2288A /* AppDelegate.mm in Sources */,
				322005782434825200E2288A /* GLESView.mm in Sources */,
			);
			runOnlyForDeploymentPostprocessing = 0;
		};
/* End PBXSourcesBuildPhase section */

/* Begin PBXVariantGroup section */
		3220055E2434804800E2288A /* Main.storyboard */ = {
			isa = PBXVariantGroup;
			children = (
				3220055F2434804800E2288A /* Base */,
			);
			name = Main.storyboard;
			sourceTree = "<group>";
		};
		322005632434804A00E2288A /* LaunchScreen.storyboard */ = {
			isa = PBXVariantGroup;
			children = (
				322005642434804A00E2288A /* Base */,
			);
			name = LaunchScreen.storyboard;
			sourceTree = "<group>";
		};
/* End PBXVariantGroup section */

/* Begin XCBuildConfiguration section */
		322005692434804A00E2288A /* Debug */ = {
			isa = XCBuildConfiguration;
			buildSettings = {
				ALWAYS_SEARCH_USER_PATHS = NO;
				CLANG_ANALYZER_NONNULL = YES;
				CLANG_ANALYZER_NUMBER_OBJECT_CONVERSION = YES_AGGRESSIVE;
				CLANG_CXX_LANGUAGE_STANDARD = "gnu++14";
				CLANG_CXX_LIBRARY = "libc++";
				CLANG_ENABLE_MODULES = YES;
				CLANG_ENABLE_OBJC_ARC = YES;
				CLANG_ENABLE_OBJC_WEAK = YES;
				CLANG_WARN_BLOCK_CAPTURE_AUTORELEASING = YES;
				CLANG_WARN_BOOL_CONVERSION = YES;
				CLANG_WARN_COMMA = YES;
				CLANG_WARN_CONSTANT_CONVERSION = YES;
				CLANG_WARN_DEPRECATED_OBJC_IMPLEMENTATIONS = YES;
				CLANG_WARN_DIRECT_OBJC_ISA_USAGE = YES_ERROR;
				CLANG_WARN_DOCUMENTATION_COMMENTS = YES;
				CLANG_WARN_EMPTY_BODY = YES;
				CLANG_WARN_ENUM_CONVERSION = YES;
				CLANG_WARN_INFINITE_RECURSION = YES;
				CLANG_WARN_INT_CONVERSION = YES;
				CLANG_WARN_NON_LITERAL_NULL_CONVERSION = YES;
				CLANG_WARN_OBJC_IMPLICIT_RETAIN_SELF = YES;
				CLANG_WARN_OBJC_LITERAL_CONVERSION = YES;
				CLANG_WARN_OBJC_ROOT_CLASS = YES_ERROR;
				CLANG_WARN_RANGE_LOOP_ANALYSIS = YES;
				CLANG_WARN_STRICT_PROTOTYPES = YES;
				CLANG_WARN_SUSPICIOUS_MOVE = YES;
				CLANG_WARN_UNGUARDED_AVAILABILITY = YES_AGGRESSIVE;
				CLANG_WARN_UNREACHABLE_CODE = YES;
				CLANG_WARN__DUPLICATE_METHOD_MATCH = YES;
				CODE_SIGN_IDENTITY = "iPhone Developer";
				COPY_PHASE_STRIP = NO;
				DEBUG_INFORMATION_FORMAT = dwarf;
				ENABLE_STRICT_OBJC_MSGSEND = YES;
				ENABLE_TESTABILITY = YES;
				GCC_C_LANGUAGE_STANDARD = gnu11;
				GCC_DYNAMIC_NO_PIC = NO;
				GCC_NO_COMMON_BLOCKS = YES;
				GCC_OPTIMIZATION_LEVEL = 0;
				GCC_PREPROCESSOR_DEFINITIONS = (
					"DEBUG=1",
					"$(inherited)",
				);
				GCC_WARN_64_TO_32_BIT_CONVERSION = YES;
				GCC_WARN_ABOUT_RETURN_TYPE = YES_ERROR;
				GCC_WARN_UNDECLARED_SELECTOR = YES;
				GCC_WARN_UNINITIALIZED_AUTOS = YES_AGGRESSIVE;
				GCC_WARN_UNUSED_FUNCTION = YES;
				GCC_WARN_UNUSED_VARIABLE = YES;
				IPHONEOS_DEPLOYMENT_TARGET = 11.3;
				MTL_ENABLE_DEBUG_INFO = YES;
				ONLY_ACTIVE_ARCH = YES;
				SDKROOT = iphoneos;
			};
			name = Debug;
		};
		3220056A2434804A00E2288A /* Release */ = {
			isa = XCBuildConfiguration;
			buildSettings = {
				ALWAYS_SEARCH_USER_PATHS = NO;
				CLANG_ANALYZER_NONNULL = YES;
				CLANG_ANALYZER_NUMBER_OBJECT_CONVERSION = YES_AGGRESSIVE;
				CLANG_CXX_LANGUAGE_STANDARD = "gnu++14";
				CLANG_CXX_LIBRARY = "libc++";
				CLANG_ENABLE_MODULES = YES;
				CLANG_ENABLE_OBJC_ARC = YES;
				CLANG_ENABLE_OBJC_WEAK = YES;
				CLANG_WARN_BLOCK_CAPTURE_AUTORELEASING = YES;
				CLANG_WARN_BOOL_CONVERSION = YES;
				CLANG_WARN_COMMA = YES;
				CLANG_WARN_CONSTANT_CONVERSION = YES;
				CLANG_WARN_DEPRECATED_OBJC_IMPLEMENTATIONS = YES;
				CLANG_WARN_DIRECT_OBJC_ISA_USAGE = YES_ERROR;
				CLANG_WARN_DOCUMENTATION_COMMENTS = YES;
				CLANG_WARN_EMPTY_BODY = YES;
				CLANG_WARN_ENUM_CONVERSION = YES;
				CLANG_WARN_INFINITE_RECURSION = YES;
				CLANG_WARN_INT_CONVERSION = YES;
				CLANG_WARN_NON_LITERAL_NULL_CONVERSION = YES;
				CLANG_WARN_OBJC_IMPLICIT_RETAIN_SELF = YES;
				CLANG_WARN_OBJC_LITERAL_CONVERSION = YES;
				CLANG_WARN_OBJC_ROOT_CLASS = YES_ERROR;
				CLANG_WARN_RANGE_LOOP_ANALYSIS = YES;
				CLANG_WARN_STRICT_PROTOTYPES = YES;
				CLANG_WARN_SUSPICIOUS_MOVE = YES;
				CLANG_WARN_UNGUARDED_AVAILABILITY = YES_AGGRESSIVE;
				CLANG_WARN_UNREACHABLE_CODE = YES;
				CLANG_WARN__DUPLICATE_METHOD_MATCH = YES;
				CODE_SIGN_IDENTITY = "iPhone Developer";
				COPY_PHASE_STRIP = NO;
				DEBUG_INFORMATION_FORMAT = "dwarf-with-dsym";
				ENABLE_NS_ASSERTIONS = NO;
				ENABLE_STRICT_OBJC_MSGSEND = YES;
				GCC_C_LANGUAGE_STANDARD = gnu11;
				GCC_NO_COMMON_BLOCKS = YES;
				GCC_WARN_64_TO_32_BIT_CONVERSION = YES;
				GCC_WARN_ABOUT_RETURN_TYPE = YES_ERROR;
				GCC_WARN_UNDECLARED_SELECTOR = YES;
				GCC_WARN_UNINITIALIZED_AUTOS = YES_AGGRESSIVE;
				GCC_WARN_UNUSED_FUNCTION = YES;
				GCC_WARN_UNUSED_VARIABLE = YES;
				IPHONEOS_DEPLOYMENT_TARGET = 11.3;
				MTL_ENABLE_DEBUG_INFO = NO;
				SDKROOT = iphoneos;
				VALIDATE_PRODUCT = YES;
			};
			name = Release;
		};
		3220056C2434804A00E2288A /* Debug */ = {
			isa = XCBuildConfiguration;
			buildSettings = {
				ASSETCATALOG_COMPILER_APPICON_NAME = AppIcon;
				CLANG_ENABLE_OBJC_ARC = NO;
				CODE_SIGN_STYLE = Manual;
				DEVELOPMENT_TEAM = "";
				INFOPLIST_FILE = "28-Meshes/Info.plist";
				LD_RUNPATH_SEARCH_PATHS = (
					"$(inherited)",
					"@executable_path/Frameworks",
				);
				PRODUCT_BUNDLE_IDENTIFIER = "APAD.org.-8-Meshes";
				PRODUCT_NAME = "$(TARGET_NAME)";
				PROVISIONING_PROFILE_SPECIFIER = "";
				TARGETED_DEVICE_FAMILY = 1;
			};
			name = Debug;
		};
		3220056D2434804A00E2288A /* Release */ = {
			isa = XCBuildConfiguration;
			buildSettings = {
				ASSETCATALOG_COMPILER_APPICON_NAME = AppIcon;
				CLANG_ENABLE_OBJC_ARC = NO;
				CODE_SIGN_STYLE = Manual;
				DEVELOPMENT_TEAM = "";
				INFOPLIST_FILE = "28-Meshes/Info.plist";
				LD_RUNPATH_SEARCH_PATHS = (
					"$(inherited)",
					"@executable_path/Frameworks",
				);
				PRODUCT_BUNDLE_IDENTIFIER = "APAD.org.-8-Meshes";
				PRODUCT_NAME = "$(TARGET_NAME)";
				PROVISIONING_PROFILE_SPECIFIER = "";
				TARGETED_DEVICE_FAMILY = 1;
			};
			name = Release;
		};
/* End XCBuildConfiguration section */

/* Begin XCConfigurationList section */
		322005502434804800E2288A /* Build configuration list for PBXProject "28-Meshes" */ = {
			isa = XCConfigurationList;
			buildConfigurations = (
				322005692434804A00E2288A /* Debug */,
				3220056A2434804A00E2288A /* Release */,
			);
			defaultConfigurationIsVisible = 0;
			defaultConfigurationName = Release;
		};
		3220056B2434804A00E2288A /* Build configuration list for PBXNativeTarget "28-Meshes" */ = {
			isa = XCConfigurationList;
			buildConfigurations = (
				3220056C2434804A00E2288A /* Debug */,
				3220056D2434804A00E2288A /* Release */,
			);
			defaultConfigurationIsVisible = 0;
			defaultConfigurationName = Release;
		};
/* End XCConfigurationList section */
	};
	rootObject = 3220054D2434804800E2288A /* Project object */;
}
